{
  "name": "bilzaDocs",
  "lockfileVersion": 2,
  "requires": true,
  "packages": {
    "": {
      "dependencies": {
        "bilza": "^0.0.29"
      }
    },
    "node_modules/bilza": {
      "version": "0.0.29",
      "resolved": "https://registry.npmjs.org/bilza/-/bilza-0.0.29.tgz",
      "integrity": "sha512-Wc4zvQrPZlZalbq0WiHAot5AM6P9tbzx4KaEEgQ8ok+NuHG7dvPOV8cytyKp8uf3kF2N5RSrjepLRzXxoJSV/A=="
    }
  },
  "dependencies": {
    "bilza": {
      "version": "0.0.29",
      "resolved": "https://registry.npmjs.org/bilza/-/bilza-0.0.29.tgz",
      "integrity": "sha512-Wc4zvQrPZlZalbq0WiHAot5AM6P9tbzx4KaEEgQ8ok+NuHG7dvPOV8cytyKp8uf3kF2N5RSrjepLRzXxoJSV/A=="
    }
  }
}
